
Microsoft Visual Studio Solution File, Format Version 12.00
# Visual Studio 14
VisualStudioVersion = 14.0.24720.0
MinimumVisualStudioVersion = 10.0.40219.1
Project("{8BC9CEB8-8B4A-11D0-8D11-00A0C91BC942}") = "Lab2_mlita", "Lab2_mlita\Lab2_mlita.vcxproj", "{DADCB28E-4740-46A9-B225-ED0A52B71002}"
EndProject
Project("{8BC9CEB8-8B4A-11D0-8D11-00A0C91BC942}") = "TheAppTests", "TheAppTests\TheAppTests.vcxproj", "{471AD6D1-76B2-4997-81E5-8AC027864C44}"
EndProject
Global
	GlobalSection(SolutionConfigurationPlatforms) = preSolution
		Debug|x64 = Debug|x64
		Debug|x86 = Debug|x86
		Release|x64 = Release|x64
		Release|x86 = Release|x86
	EndGlobalSection
	GlobalSection(ProjectConfigurationPlatforms) = postSolution
		{DADCB28E-4740-46A9-B225-ED0A52B71002}.Debug|x64.ActiveCfg = Debug|x64
		{DADCB28E-4740-46A9-B225-ED0A52B71002}.Debug|x64.Build.0 = Debug|x64
		{DADCB28E-4740-46A9-B225-ED0A52B71002}.Debug|x86.ActiveCfg = Debug|Win32
		{DADCB28E-4740-46A9-B225-ED0A52B71002}.Debug|x86.Build.0 = Debug|Win32
		{DADCB28E-4740-46A9-B225-ED0A52B71002}.Release|x64.ActiveCfg = Release|x64
		{DADCB28E-4740-46A9-B225-ED0A52B71002}.Release|x64.Build.0 = Release|x64
		{DADCB28E-4740-46A9-B225-ED0A52B71002}.Release|x86.ActiveCfg = Release|Win32
		{DADCB28E-4740-46A9-B225-ED0A52B71002}.Release|x86.Build.0 = Release|Win32
		{471AD6D1-76B2-4997-81E5-8AC027864C44}.Debug|x64.ActiveCfg = Debug|x64
		{471AD6D1-76B2-4997-81E5-8AC027864C44}.Debug|x64.Build.0 = Debug|x64
		{471AD6D1-76B2-4997-81E5-8AC027864C44}.Debug|x86.ActiveCfg = Debug|Win32
		{471AD6D1-76B2-4997-81E5-8AC027864C44}.Debug|x86.Build.0 = Debug|Win32
		{471AD6D1-76B2-4997-81E5-8AC027864C44}.Release|x64.ActiveCfg = Release|x64
		{471AD6D1-76B2-4997-81E5-8AC027864C44}.Release|x64.Build.0 = Release|x64
		{471AD6D1-76B2-4997-81E5-8AC027864C44}.Release|x86.ActiveCfg = Release|Win32
		{471AD6D1-76B2-4997-81E5-8AC027864C44}.Release|x86.Build.0 = Release|Win32
	EndGlobalSection
	GlobalSection(SolutionProperties) = preSolution
		HideSolutionNode = FALSE
	EndGlobalSection
EndGlobal
